
Microsoft Visual Studio Solution File, Format Version 12.00
# Visual Studio Version 16
VisualStudioVersion = 16.0.30611.23
MinimumVisualStudioVersion = 10.0.40219.1
Project("{FAE04EC0-301F-11D3-BF4B-00C04F79EFBC}") = "FormPocket", "FormPocket\FormPocket.csproj", "{15A04C82-F453-4BC9-B7D4-69153A2FAAB4}"
EndProject
Global
	GlobalSection(SolutionConfigurationPlatforms) = preSolution
		Debug|Any CPU = Debug|Any CPU
		Release|Any CPU = Release|Any CPU
	EndGlobalSection
	GlobalSection(ProjectConfigurationPlatforms) = postSolution
		{15A04C82-F453-4BC9-B7D4-69153A2FAAB4}.Debug|Any CPU.ActiveCfg = Debug|Any CPU
		{15A04C82-F453-4BC9-B7D4-69153A2FAAB4}.Debug|Any CPU.Build.0 = Debug|Any CPU
		{15A04C82-F453-4BC9-B7D4-69153A2FAAB4}.Release|Any CPU.ActiveCfg = Release|Any CPU
		{15A04C82-F453-4BC9-B7D4-69153A2FAAB4}.Release|Any CPU.Build.0 = Release|Any CPU
	EndGlobalSection
	GlobalSection(SolutionProperties) = preSolution
		HideSolutionNode = FALSE
	EndGlobalSection
	GlobalSection(ExtensibilityGlobals) = postSolution
		SolutionGuid = {AF8C70D2-AD4D-44BD-9D65-45E6C994160D}
	EndGlobalSection
EndGlobal
